
Microsoft Visual Studio Solution File, Format Version 12.00
# Visual Studio Version 16
VisualStudioVersion = 16.0.29102.190
MinimumVisualStudioVersion = 10.0.40219.1
Project("{9A19103F-16F7-4668-BE54-9A1E7A4F7556}") = "01_ClassBoxData", "01_ClassBoxData\01_ClassBoxData.csproj", "{7A54EFBA-5400-4E43-BF19-F2A795DCDCE3}"
EndProject
Project("{9A19103F-16F7-4668-BE54-9A1E7A4F7556}") = "02_AnimalFarm", "02_AnimalFarm\02_AnimalFarm.csproj", "{2D95DF3D-8E4B-4095-9D24-23D4BC292D42}"
EndProject
Project("{FAE04EC0-301F-11D3-BF4B-00C04F79EFBC}") = "03_ShoppingSpree", "03_ShoppingSpree\03_ShoppingSpree.csproj", "{731E960C-D70F-4E71-89FE-BB34EFF7A4BC}"
EndProject
Project("{FAE04EC0-301F-11D3-BF4B-00C04F79EFBC}") = "04_PizzaCalories", "04_PizzaCalories\04_PizzaCalories.csproj", "{ECE6E931-7106-4879-AAB8-2AFD91FEB142}"
EndProject
Project("{FAE04EC0-301F-11D3-BF4B-00C04F79EFBC}") = "05_FootballTeamGenerator", "05_FootballTeamGenerator\05_FootballTeamGenerator.csproj", "{AB83F274-3975-4CC3-BB5B-C424EDDDD992}"
EndProject
Global
	GlobalSection(SolutionConfigurationPlatforms) = preSolution
		Debug|Any CPU = Debug|Any CPU
		Release|Any CPU = Release|Any CPU
	EndGlobalSection
	GlobalSection(ProjectConfigurationPlatforms) = postSolution
		{7A54EFBA-5400-4E43-BF19-F2A795DCDCE3}.Debug|Any CPU.ActiveCfg = Debug|Any CPU
		{7A54EFBA-5400-4E43-BF19-F2A795DCDCE3}.Debug|Any CPU.Build.0 = Debug|Any CPU
		{7A54EFBA-5400-4E43-BF19-F2A795DCDCE3}.Release|Any CPU.ActiveCfg = Release|Any CPU
		{7A54EFBA-5400-4E43-BF19-F2A795DCDCE3}.Release|Any CPU.Build.0 = Release|Any CPU
		{2D95DF3D-8E4B-4095-9D24-23D4BC292D42}.Debug|Any CPU.ActiveCfg = Debug|Any CPU
		{2D95DF3D-8E4B-4095-9D24-23D4BC292D42}.Debug|Any CPU.Build.0 = Debug|Any CPU
		{2D95DF3D-8E4B-4095-9D24-23D4BC292D42}.Release|Any CPU.ActiveCfg = Release|Any CPU
		{2D95DF3D-8E4B-4095-9D24-23D4BC292D42}.Release|Any CPU.Build.0 = Release|Any CPU
		{731E960C-D70F-4E71-89FE-BB34EFF7A4BC}.Debug|Any CPU.ActiveCfg = Debug|Any CPU
		{731E960C-D70F-4E71-89FE-BB34EFF7A4BC}.Debug|Any CPU.Build.0 = Debug|Any CPU
		{731E960C-D70F-4E71-89FE-BB34EFF7A4BC}.Release|Any CPU.ActiveCfg = Release|Any CPU
		{731E960C-D70F-4E71-89FE-BB34EFF7A4BC}.Release|Any CPU.Build.0 = Release|Any CPU
		{ECE6E931-7106-4879-AAB8-2AFD91FEB142}.Debug|Any CPU.ActiveCfg = Debug|Any CPU
		{ECE6E931-7106-4879-AAB8-2AFD91FEB142}.Debug|Any CPU.Build.0 = Debug|Any CPU
		{ECE6E931-7106-4879-AAB8-2AFD91FEB142}.Release|Any CPU.ActiveCfg = Release|Any CPU
		{ECE6E931-7106-4879-AAB8-2AFD91FEB142}.Release|Any CPU.Build.0 = Release|Any CPU
		{AB83F274-3975-4CC3-BB5B-C424EDDDD992}.Debug|Any CPU.ActiveCfg = Debug|Any CPU
		{AB83F274-3975-4CC3-BB5B-C424EDDDD992}.Debug|Any CPU.Build.0 = Debug|Any CPU
		{AB83F274-3975-4CC3-BB5B-C424EDDDD992}.Release|Any CPU.ActiveCfg = Release|Any CPU
		{AB83F274-3975-4CC3-BB5B-C424EDDDD992}.Release|Any CPU.Build.0 = Release|Any CPU
	EndGlobalSection
	GlobalSection(SolutionProperties) = preSolution
		HideSolutionNode = FALSE
	EndGlobalSection
	GlobalSection(ExtensibilityGlobals) = postSolution
		SolutionGuid = {0BC1AD3A-3968-47EF-8834-C2346EA3C1A3}
	EndGlobalSection
EndGlobal
