
Microsoft Visual Studio Solution File, Format Version 12.00
# Visual Studio Version 16
VisualStudioVersion = 16.0.29424.173
MinimumVisualStudioVersion = 10.0.40219.1
Project("{8BC9CEB8-8B4A-11D0-8D11-00A0C91BC942}") = "01_DifferentStrings", "01_DifferentStrings\01_DifferentStrings.vcxproj", "{AE7CC6EB-7299-4787-ACA4-61F2C563F8FB}"
EndProject
Project("{8BC9CEB8-8B4A-11D0-8D11-00A0C91BC942}") = "02_Planet", "02_Planet\02_Planet.vcxproj", "{FB0FC687-031F-455D-8D59-0C5DF39A49A1}"
EndProject
Global
	GlobalSection(SolutionConfigurationPlatforms) = preSolution
		Debug|x64 = Debug|x64
		Debug|x86 = Debug|x86
		Release|x64 = Release|x64
		Release|x86 = Release|x86
	EndGlobalSection
	GlobalSection(ProjectConfigurationPlatforms) = postSolution
		{AE7CC6EB-7299-4787-ACA4-61F2C563F8FB}.Debug|x64.ActiveCfg = Debug|x64
		{AE7CC6EB-7299-4787-ACA4-61F2C563F8FB}.Debug|x64.Build.0 = Debug|x64
		{AE7CC6EB-7299-4787-ACA4-61F2C563F8FB}.Debug|x86.ActiveCfg = Debug|Win32
		{AE7CC6EB-7299-4787-ACA4-61F2C563F8FB}.Debug|x86.Build.0 = Debug|Win32
		{AE7CC6EB-7299-4787-ACA4-61F2C563F8FB}.Release|x64.ActiveCfg = Release|x64
		{AE7CC6EB-7299-4787-ACA4-61F2C563F8FB}.Release|x64.Build.0 = Release|x64
		{AE7CC6EB-7299-4787-ACA4-61F2C563F8FB}.Release|x86.ActiveCfg = Release|Win32
		{AE7CC6EB-7299-4787-ACA4-61F2C563F8FB}.Release|x86.Build.0 = Release|Win32
		{FB0FC687-031F-455D-8D59-0C5DF39A49A1}.Debug|x64.ActiveCfg = Debug|x64
		{FB0FC687-031F-455D-8D59-0C5DF39A49A1}.Debug|x64.Build.0 = Debug|x64
		{FB0FC687-031F-455D-8D59-0C5DF39A49A1}.Debug|x86.ActiveCfg = Debug|Win32
		{FB0FC687-031F-455D-8D59-0C5DF39A49A1}.Debug|x86.Build.0 = Debug|Win32
		{FB0FC687-031F-455D-8D59-0C5DF39A49A1}.Release|x64.ActiveCfg = Release|x64
		{FB0FC687-031F-455D-8D59-0C5DF39A49A1}.Release|x64.Build.0 = Release|x64
		{FB0FC687-031F-455D-8D59-0C5DF39A49A1}.Release|x86.ActiveCfg = Release|Win32
		{FB0FC687-031F-455D-8D59-0C5DF39A49A1}.Release|x86.Build.0 = Release|Win32
	EndGlobalSection
	GlobalSection(SolutionProperties) = preSolution
		HideSolutionNode = FALSE
	EndGlobalSection
	GlobalSection(ExtensibilityGlobals) = postSolution
		SolutionGuid = {66B134C7-4422-4A3B-B581-E563F55A7B2E}
	EndGlobalSection
EndGlobal
