
Microsoft Visual Studio Solution File, Format Version 12.00
# Visual Studio Version 16
VisualStudioVersion = 16.0.29102.190
MinimumVisualStudioVersion = 10.0.40219.1
Project("{FAE04EC0-301F-11D3-BF4B-00C04F79EFBC}") = "01_SummerCocktails", "01_SummerCocktails\01_SummerCocktails.csproj", "{FA5B68A9-7955-4EE8-8C88-74912E0FFFF6}"
EndProject
Project("{FAE04EC0-301F-11D3-BF4B-00C04F79EFBC}") = "02_SeashellTreasure", "02_SeashellTreasure\02_SeashellTreasure.csproj", "{CC1C1708-261A-4F5E-86F9-144B010BDADE}"
EndProject
Project("{9A19103F-16F7-4668-BE54-9A1E7A4F7556}") = "03_AquariumAdventure", "03_AquariumAdventure\03_AquariumAdventure.csproj", "{409A474C-9ABC-4AC9-8ADE-E2F424FFDF0A}"
EndProject
Global
	GlobalSection(SolutionConfigurationPlatforms) = preSolution
		Debug|Any CPU = Debug|Any CPU
		Release|Any CPU = Release|Any CPU
	EndGlobalSection
	GlobalSection(ProjectConfigurationPlatforms) = postSolution
		{FA5B68A9-7955-4EE8-8C88-74912E0FFFF6}.Debug|Any CPU.ActiveCfg = Debug|Any CPU
		{FA5B68A9-7955-4EE8-8C88-74912E0FFFF6}.Debug|Any CPU.Build.0 = Debug|Any CPU
		{FA5B68A9-7955-4EE8-8C88-74912E0FFFF6}.Release|Any CPU.ActiveCfg = Release|Any CPU
		{FA5B68A9-7955-4EE8-8C88-74912E0FFFF6}.Release|Any CPU.Build.0 = Release|Any CPU
		{CC1C1708-261A-4F5E-86F9-144B010BDADE}.Debug|Any CPU.ActiveCfg = Debug|Any CPU
		{CC1C1708-261A-4F5E-86F9-144B010BDADE}.Debug|Any CPU.Build.0 = Debug|Any CPU
		{CC1C1708-261A-4F5E-86F9-144B010BDADE}.Release|Any CPU.ActiveCfg = Release|Any CPU
		{CC1C1708-261A-4F5E-86F9-144B010BDADE}.Release|Any CPU.Build.0 = Release|Any CPU
		{409A474C-9ABC-4AC9-8ADE-E2F424FFDF0A}.Debug|Any CPU.ActiveCfg = Debug|Any CPU
		{409A474C-9ABC-4AC9-8ADE-E2F424FFDF0A}.Debug|Any CPU.Build.0 = Debug|Any CPU
		{409A474C-9ABC-4AC9-8ADE-E2F424FFDF0A}.Release|Any CPU.ActiveCfg = Release|Any CPU
		{409A474C-9ABC-4AC9-8ADE-E2F424FFDF0A}.Release|Any CPU.Build.0 = Release|Any CPU
	EndGlobalSection
	GlobalSection(SolutionProperties) = preSolution
		HideSolutionNode = FALSE
	EndGlobalSection
	GlobalSection(ExtensibilityGlobals) = postSolution
		SolutionGuid = {FEC8CC5D-9EE6-4AE3-84CB-4A5B14775773}
	EndGlobalSection
EndGlobal
