
Microsoft Visual Studio Solution File, Format Version 12.00
# Visual Studio Version 16
VisualStudioVersion = 16.0.29424.173
MinimumVisualStudioVersion = 10.0.40219.1
Project("{FAE04EC0-301F-11D3-BF4B-00C04F79EFBC}") = "01_Shapes", "01_Shapes\01_Shapes.csproj", "{C8736B7A-6D23-40FA-A925-4C764204B003}"
EndProject
Project("{FAE04EC0-301F-11D3-BF4B-00C04F79EFBC}") = "02_Cars", "02_Cars\02_Cars.csproj", "{4DB69CCB-EBF0-4E74-BBF9-87972181155A}"
EndProject
Global
	GlobalSection(SolutionConfigurationPlatforms) = preSolution
		Debug|Any CPU = Debug|Any CPU
		Release|Any CPU = Release|Any CPU
	EndGlobalSection
	GlobalSection(ProjectConfigurationPlatforms) = postSolution
		{C8736B7A-6D23-40FA-A925-4C764204B003}.Debug|Any CPU.ActiveCfg = Debug|Any CPU
		{C8736B7A-6D23-40FA-A925-4C764204B003}.Debug|Any CPU.Build.0 = Debug|Any CPU
		{C8736B7A-6D23-40FA-A925-4C764204B003}.Release|Any CPU.ActiveCfg = Release|Any CPU
		{C8736B7A-6D23-40FA-A925-4C764204B003}.Release|Any CPU.Build.0 = Release|Any CPU
		{4DB69CCB-EBF0-4E74-BBF9-87972181155A}.Debug|Any CPU.ActiveCfg = Debug|Any CPU
		{4DB69CCB-EBF0-4E74-BBF9-87972181155A}.Debug|Any CPU.Build.0 = Debug|Any CPU
		{4DB69CCB-EBF0-4E74-BBF9-87972181155A}.Release|Any CPU.ActiveCfg = Release|Any CPU
		{4DB69CCB-EBF0-4E74-BBF9-87972181155A}.Release|Any CPU.Build.0 = Release|Any CPU
	EndGlobalSection
	GlobalSection(SolutionProperties) = preSolution
		HideSolutionNode = FALSE
	EndGlobalSection
	GlobalSection(ExtensibilityGlobals) = postSolution
		SolutionGuid = {78171E88-ED55-4E63-8C9C-BD3B367D6928}
	EndGlobalSection
EndGlobal
