
Microsoft Visual Studio Solution File, Format Version 12.00
# Visual Studio Version 16
VisualStudioVersion = 16.0.29102.190
MinimumVisualStudioVersion = 10.0.40219.1
Project("{FAE04EC0-301F-11D3-BF4B-00C04F79EFBC}") = "01_ExperienceGaining", "01_ExperienceGaining\01_ExperienceGaining.csproj", "{712B5A0C-E32B-44C2-956C-AF8A38812D82}"
EndProject
Project("{FAE04EC0-301F-11D3-BF4B-00C04F79EFBC}") = "02_FriendsMaintenance", "02_FriendsMaintenance\02_FriendsMaintenance.csproj", "{14D1E5B0-130D-4677-9A0A-0284ED3935B5}"
EndProject
Global
	GlobalSection(SolutionConfigurationPlatforms) = preSolution
		Debug|Any CPU = Debug|Any CPU
		Debug|x64 = Debug|x64
		Debug|x86 = Debug|x86
		Release|Any CPU = Release|Any CPU
		Release|x64 = Release|x64
		Release|x86 = Release|x86
	EndGlobalSection
	GlobalSection(ProjectConfigurationPlatforms) = postSolution
		{712B5A0C-E32B-44C2-956C-AF8A38812D82}.Debug|Any CPU.ActiveCfg = Debug|Any CPU
		{712B5A0C-E32B-44C2-956C-AF8A38812D82}.Debug|Any CPU.Build.0 = Debug|Any CPU
		{712B5A0C-E32B-44C2-956C-AF8A38812D82}.Debug|x64.ActiveCfg = Debug|Any CPU
		{712B5A0C-E32B-44C2-956C-AF8A38812D82}.Debug|x64.Build.0 = Debug|Any CPU
		{712B5A0C-E32B-44C2-956C-AF8A38812D82}.Debug|x86.ActiveCfg = Debug|Any CPU
		{712B5A0C-E32B-44C2-956C-AF8A38812D82}.Debug|x86.Build.0 = Debug|Any CPU
		{712B5A0C-E32B-44C2-956C-AF8A38812D82}.Release|Any CPU.ActiveCfg = Release|Any CPU
		{712B5A0C-E32B-44C2-956C-AF8A38812D82}.Release|Any CPU.Build.0 = Release|Any CPU
		{712B5A0C-E32B-44C2-956C-AF8A38812D82}.Release|x64.ActiveCfg = Release|Any CPU
		{712B5A0C-E32B-44C2-956C-AF8A38812D82}.Release|x64.Build.0 = Release|Any CPU
		{712B5A0C-E32B-44C2-956C-AF8A38812D82}.Release|x86.ActiveCfg = Release|Any CPU
		{712B5A0C-E32B-44C2-956C-AF8A38812D82}.Release|x86.Build.0 = Release|Any CPU
		{14D1E5B0-130D-4677-9A0A-0284ED3935B5}.Debug|Any CPU.ActiveCfg = Debug|Any CPU
		{14D1E5B0-130D-4677-9A0A-0284ED3935B5}.Debug|Any CPU.Build.0 = Debug|Any CPU
		{14D1E5B0-130D-4677-9A0A-0284ED3935B5}.Debug|x64.ActiveCfg = Debug|Any CPU
		{14D1E5B0-130D-4677-9A0A-0284ED3935B5}.Debug|x64.Build.0 = Debug|Any CPU
		{14D1E5B0-130D-4677-9A0A-0284ED3935B5}.Debug|x86.ActiveCfg = Debug|Any CPU
		{14D1E5B0-130D-4677-9A0A-0284ED3935B5}.Debug|x86.Build.0 = Debug|Any CPU
		{14D1E5B0-130D-4677-9A0A-0284ED3935B5}.Release|Any CPU.ActiveCfg = Release|Any CPU
		{14D1E5B0-130D-4677-9A0A-0284ED3935B5}.Release|Any CPU.Build.0 = Release|Any CPU
		{14D1E5B0-130D-4677-9A0A-0284ED3935B5}.Release|x64.ActiveCfg = Release|Any CPU
		{14D1E5B0-130D-4677-9A0A-0284ED3935B5}.Release|x64.Build.0 = Release|Any CPU
		{14D1E5B0-130D-4677-9A0A-0284ED3935B5}.Release|x86.ActiveCfg = Release|Any CPU
		{14D1E5B0-130D-4677-9A0A-0284ED3935B5}.Release|x86.Build.0 = Release|Any CPU
	EndGlobalSection
	GlobalSection(SolutionProperties) = preSolution
		HideSolutionNode = FALSE
	EndGlobalSection
	GlobalSection(ExtensibilityGlobals) = postSolution
		SolutionGuid = {1E413F81-38FC-46B7-BEFF-151DEEE85FD7}
	EndGlobalSection
EndGlobal
