
Microsoft Visual Studio Solution File, Format Version 12.00
# Visual Studio Version 16
VisualStudioVersion = 16.0.28922.388
MinimumVisualStudioVersion = 10.0.40219.1
Project("{9A19103F-16F7-4668-BE54-9A1E7A4F7556}") = "Animals", "Animals\Animals.csproj", "{23920482-0658-4B8F-AADF-F7AC11015041}"
EndProject
Project("{FAE04EC0-301F-11D3-BF4B-00C04F79EFBC}") = "01_Person", "01_Person\01_Person.csproj", "{FCCEA013-D578-4D29-852B-5D7CD903A4CC}"
EndProject
Project("{FAE04EC0-301F-11D3-BF4B-00C04F79EFBC}") = "02_Zoo", "02_Zoo\02_Zoo.csproj", "{22749D80-1549-4ED1-B093-8990CFE2DB61}"
EndProject
Project("{FAE04EC0-301F-11D3-BF4B-00C04F79EFBC}") = "03_PlayersAndMonsters", "03_PlayersAndMonsters\03_PlayersAndMonsters.csproj", "{80048653-CE30-424C-A0AD-D9AF31DC42BD}"
EndProject
Project("{FAE04EC0-301F-11D3-BF4B-00C04F79EFBC}") = "04_NeedForSpeed", "04_NeedForSpeed\04_NeedForSpeed.csproj", "{F7B52381-FE96-4A9C-9610-666E2EE05990}"
EndProject
Project("{FAE04EC0-301F-11D3-BF4B-00C04F79EFBC}") = "05_Restaurant", "05_Restaurant\05_Restaurant.csproj", "{5CADF2C4-13B8-4D36-B0F5-AD28152DF8A5}"
EndProject
Global
	GlobalSection(SolutionConfigurationPlatforms) = preSolution
		Debug|Any CPU = Debug|Any CPU
		Release|Any CPU = Release|Any CPU
	EndGlobalSection
	GlobalSection(ProjectConfigurationPlatforms) = postSolution
		{23920482-0658-4B8F-AADF-F7AC11015041}.Debug|Any CPU.ActiveCfg = Debug|Any CPU
		{23920482-0658-4B8F-AADF-F7AC11015041}.Debug|Any CPU.Build.0 = Debug|Any CPU
		{23920482-0658-4B8F-AADF-F7AC11015041}.Release|Any CPU.ActiveCfg = Release|Any CPU
		{23920482-0658-4B8F-AADF-F7AC11015041}.Release|Any CPU.Build.0 = Release|Any CPU
		{FCCEA013-D578-4D29-852B-5D7CD903A4CC}.Debug|Any CPU.ActiveCfg = Debug|Any CPU
		{FCCEA013-D578-4D29-852B-5D7CD903A4CC}.Debug|Any CPU.Build.0 = Debug|Any CPU
		{FCCEA013-D578-4D29-852B-5D7CD903A4CC}.Release|Any CPU.ActiveCfg = Release|Any CPU
		{FCCEA013-D578-4D29-852B-5D7CD903A4CC}.Release|Any CPU.Build.0 = Release|Any CPU
		{22749D80-1549-4ED1-B093-8990CFE2DB61}.Debug|Any CPU.ActiveCfg = Debug|Any CPU
		{22749D80-1549-4ED1-B093-8990CFE2DB61}.Debug|Any CPU.Build.0 = Debug|Any CPU
		{22749D80-1549-4ED1-B093-8990CFE2DB61}.Release|Any CPU.ActiveCfg = Release|Any CPU
		{22749D80-1549-4ED1-B093-8990CFE2DB61}.Release|Any CPU.Build.0 = Release|Any CPU
		{80048653-CE30-424C-A0AD-D9AF31DC42BD}.Debug|Any CPU.ActiveCfg = Debug|Any CPU
		{80048653-CE30-424C-A0AD-D9AF31DC42BD}.Debug|Any CPU.Build.0 = Debug|Any CPU
		{80048653-CE30-424C-A0AD-D9AF31DC42BD}.Release|Any CPU.ActiveCfg = Release|Any CPU
		{80048653-CE30-424C-A0AD-D9AF31DC42BD}.Release|Any CPU.Build.0 = Release|Any CPU
		{F7B52381-FE96-4A9C-9610-666E2EE05990}.Debug|Any CPU.ActiveCfg = Debug|Any CPU
		{F7B52381-FE96-4A9C-9610-666E2EE05990}.Debug|Any CPU.Build.0 = Debug|Any CPU
		{F7B52381-FE96-4A9C-9610-666E2EE05990}.Release|Any CPU.ActiveCfg = Release|Any CPU
		{F7B52381-FE96-4A9C-9610-666E2EE05990}.Release|Any CPU.Build.0 = Release|Any CPU
		{5CADF2C4-13B8-4D36-B0F5-AD28152DF8A5}.Debug|Any CPU.ActiveCfg = Debug|Any CPU
		{5CADF2C4-13B8-4D36-B0F5-AD28152DF8A5}.Debug|Any CPU.Build.0 = Debug|Any CPU
		{5CADF2C4-13B8-4D36-B0F5-AD28152DF8A5}.Release|Any CPU.ActiveCfg = Release|Any CPU
		{5CADF2C4-13B8-4D36-B0F5-AD28152DF8A5}.Release|Any CPU.Build.0 = Release|Any CPU
	EndGlobalSection
	GlobalSection(SolutionProperties) = preSolution
		HideSolutionNode = FALSE
	EndGlobalSection
	GlobalSection(ExtensibilityGlobals) = postSolution
		SolutionGuid = {9403B451-1B0E-4D8E-BA2D-5970ABB44B34}
	EndGlobalSection
EndGlobal
