
Microsoft Visual Studio Solution File, Format Version 12.00
# Visual Studio Version 16
VisualStudioVersion = 16.0.30309.148
MinimumVisualStudioVersion = 10.0.40219.1
Project("{9A19103F-16F7-4668-BE54-9A1E7A4F7556}") = "01_RecursiveArraySum", "01_RecursiveArraySum\01_RecursiveArraySum.csproj", "{452344B9-AEE2-44C4-921E-E52439E092EA}"
EndProject
Project("{9A19103F-16F7-4668-BE54-9A1E7A4F7556}") = "04_PrintNFigureWithBacktracking", "04_DrawingWithBacktracking\04_PrintNFigureWithBacktracking.csproj", "{1480DEBE-21FC-47B8-B2EF-E15B0988D8C8}"
EndProject
Project("{FAE04EC0-301F-11D3-BF4B-00C04F79EFBC}") = "04_Factorial_Performance", "04_Factorial_Performance\04_Factorial_Performance.csproj", "{7DA2CE15-7EFD-4EBC-A71E-D75DFAED1DC5}"
EndProject
Project("{FAE04EC0-301F-11D3-BF4B-00C04F79EFBC}") = "02_RecursiveFactorial", "02_RecursiveFactorial\02_RecursiveFactorial.csproj", "{B222AEC6-ABCC-4B37-8C32-239757547120}"
EndProject
Project("{FAE04EC0-301F-11D3-BF4B-00C04F79EFBC}") = "05_RecursiveFibonacci", "05_RecursiveFibonacci\05_RecursiveFibonacci.csproj", "{FC9691F5-3E3C-4352-AD82-A0AA5624DD34}"
EndProject
Project("{FAE04EC0-301F-11D3-BF4B-00C04F79EFBC}") = "07_Fibonacci_Performance", "07_Fibonacci_Performance\07_Fibonacci_Performance.csproj", "{5DC420B3-20A7-4DDC-AE34-9A9EFFFD2050}"
EndProject
Project("{FAE04EC0-301F-11D3-BF4B-00C04F79EFBC}") = "08_PrintNFigure_PreAndPostActions", "08_PrintNFigure_PreAndPostActions\08_PrintNFigure_PreAndPostActions.csproj", "{5D1A6455-3F40-49B3-8FB2-A4035653B5AB}"
EndProject
Global
	GlobalSection(SolutionConfigurationPlatforms) = preSolution
		Debug|Any CPU = Debug|Any CPU
		Release|Any CPU = Release|Any CPU
	EndGlobalSection
	GlobalSection(ProjectConfigurationPlatforms) = postSolution
		{452344B9-AEE2-44C4-921E-E52439E092EA}.Debug|Any CPU.ActiveCfg = Debug|Any CPU
		{452344B9-AEE2-44C4-921E-E52439E092EA}.Debug|Any CPU.Build.0 = Debug|Any CPU
		{452344B9-AEE2-44C4-921E-E52439E092EA}.Release|Any CPU.ActiveCfg = Release|Any CPU
		{452344B9-AEE2-44C4-921E-E52439E092EA}.Release|Any CPU.Build.0 = Release|Any CPU
		{1480DEBE-21FC-47B8-B2EF-E15B0988D8C8}.Debug|Any CPU.ActiveCfg = Debug|Any CPU
		{1480DEBE-21FC-47B8-B2EF-E15B0988D8C8}.Debug|Any CPU.Build.0 = Debug|Any CPU
		{1480DEBE-21FC-47B8-B2EF-E15B0988D8C8}.Release|Any CPU.ActiveCfg = Release|Any CPU
		{1480DEBE-21FC-47B8-B2EF-E15B0988D8C8}.Release|Any CPU.Build.0 = Release|Any CPU
		{7DA2CE15-7EFD-4EBC-A71E-D75DFAED1DC5}.Debug|Any CPU.ActiveCfg = Debug|Any CPU
		{7DA2CE15-7EFD-4EBC-A71E-D75DFAED1DC5}.Debug|Any CPU.Build.0 = Debug|Any CPU
		{7DA2CE15-7EFD-4EBC-A71E-D75DFAED1DC5}.Release|Any CPU.ActiveCfg = Release|Any CPU
		{7DA2CE15-7EFD-4EBC-A71E-D75DFAED1DC5}.Release|Any CPU.Build.0 = Release|Any CPU
		{B222AEC6-ABCC-4B37-8C32-239757547120}.Debug|Any CPU.ActiveCfg = Debug|Any CPU
		{B222AEC6-ABCC-4B37-8C32-239757547120}.Debug|Any CPU.Build.0 = Debug|Any CPU
		{B222AEC6-ABCC-4B37-8C32-239757547120}.Release|Any CPU.ActiveCfg = Release|Any CPU
		{B222AEC6-ABCC-4B37-8C32-239757547120}.Release|Any CPU.Build.0 = Release|Any CPU
		{FC9691F5-3E3C-4352-AD82-A0AA5624DD34}.Debug|Any CPU.ActiveCfg = Debug|Any CPU
		{FC9691F5-3E3C-4352-AD82-A0AA5624DD34}.Debug|Any CPU.Build.0 = Debug|Any CPU
		{FC9691F5-3E3C-4352-AD82-A0AA5624DD34}.Release|Any CPU.ActiveCfg = Release|Any CPU
		{FC9691F5-3E3C-4352-AD82-A0AA5624DD34}.Release|Any CPU.Build.0 = Release|Any CPU
		{5DC420B3-20A7-4DDC-AE34-9A9EFFFD2050}.Debug|Any CPU.ActiveCfg = Debug|Any CPU
		{5DC420B3-20A7-4DDC-AE34-9A9EFFFD2050}.Debug|Any CPU.Build.0 = Debug|Any CPU
		{5DC420B3-20A7-4DDC-AE34-9A9EFFFD2050}.Release|Any CPU.ActiveCfg = Release|Any CPU
		{5DC420B3-20A7-4DDC-AE34-9A9EFFFD2050}.Release|Any CPU.Build.0 = Release|Any CPU
		{5D1A6455-3F40-49B3-8FB2-A4035653B5AB}.Debug|Any CPU.ActiveCfg = Debug|Any CPU
		{5D1A6455-3F40-49B3-8FB2-A4035653B5AB}.Debug|Any CPU.Build.0 = Debug|Any CPU
		{5D1A6455-3F40-49B3-8FB2-A4035653B5AB}.Release|Any CPU.ActiveCfg = Release|Any CPU
		{5D1A6455-3F40-49B3-8FB2-A4035653B5AB}.Release|Any CPU.Build.0 = Release|Any CPU
	EndGlobalSection
	GlobalSection(SolutionProperties) = preSolution
		HideSolutionNode = FALSE
	EndGlobalSection
	GlobalSection(ExtensibilityGlobals) = postSolution
		SolutionGuid = {04C07451-9938-4434-9B96-B15B33303DA3}
	EndGlobalSection
EndGlobal
