
Microsoft Visual Studio Solution File, Format Version 12.00
# Visual Studio Version 16
VisualStudioVersion = 16.0.29215.179
MinimumVisualStudioVersion = 10.0.40219.1
Project("{9A19103F-16F7-4668-BE54-9A1E7A4F7556}") = "01_RhombusOfStars", "01_RhombusOfStars\01_RhombusOfStars.csproj", "{04C2AD8C-C10B-44C7-924F-F318D718DA8F}"
EndProject
Project("{9A19103F-16F7-4668-BE54-9A1E7A4F7556}") = "02_PointInRectangle", "02_PointInRectangle\02_PointInRectangle.csproj", "{6D573091-4EAF-4FA3-8CDA-04F7DB19D660}"
EndProject
Project("{9A19103F-16F7-4668-BE54-9A1E7A4F7556}") = "03_StudentSystem", "03_StudentSystem\03_StudentSystem.csproj", "{252AE4C2-E050-4CD6-AE22-5555623CC03D}"
EndProject
Project("{FAE04EC0-301F-11D3-BF4B-00C04F79EFBC}") = "04_HotelReservation", "04_HotelReservation\04_HotelReservation.csproj", "{19E9F93F-7A80-4BB5-92AA-31A2ADDA1A38}"
EndProject
Global
	GlobalSection(SolutionConfigurationPlatforms) = preSolution
		Debug|Any CPU = Debug|Any CPU
		Release|Any CPU = Release|Any CPU
	EndGlobalSection
	GlobalSection(ProjectConfigurationPlatforms) = postSolution
		{04C2AD8C-C10B-44C7-924F-F318D718DA8F}.Debug|Any CPU.ActiveCfg = Debug|Any CPU
		{04C2AD8C-C10B-44C7-924F-F318D718DA8F}.Debug|Any CPU.Build.0 = Debug|Any CPU
		{04C2AD8C-C10B-44C7-924F-F318D718DA8F}.Release|Any CPU.ActiveCfg = Release|Any CPU
		{04C2AD8C-C10B-44C7-924F-F318D718DA8F}.Release|Any CPU.Build.0 = Release|Any CPU
		{6D573091-4EAF-4FA3-8CDA-04F7DB19D660}.Debug|Any CPU.ActiveCfg = Debug|Any CPU
		{6D573091-4EAF-4FA3-8CDA-04F7DB19D660}.Debug|Any CPU.Build.0 = Debug|Any CPU
		{6D573091-4EAF-4FA3-8CDA-04F7DB19D660}.Release|Any CPU.ActiveCfg = Release|Any CPU
		{6D573091-4EAF-4FA3-8CDA-04F7DB19D660}.Release|Any CPU.Build.0 = Release|Any CPU
		{252AE4C2-E050-4CD6-AE22-5555623CC03D}.Debug|Any CPU.ActiveCfg = Debug|Any CPU
		{252AE4C2-E050-4CD6-AE22-5555623CC03D}.Debug|Any CPU.Build.0 = Debug|Any CPU
		{252AE4C2-E050-4CD6-AE22-5555623CC03D}.Release|Any CPU.ActiveCfg = Release|Any CPU
		{252AE4C2-E050-4CD6-AE22-5555623CC03D}.Release|Any CPU.Build.0 = Release|Any CPU
		{19E9F93F-7A80-4BB5-92AA-31A2ADDA1A38}.Debug|Any CPU.ActiveCfg = Debug|Any CPU
		{19E9F93F-7A80-4BB5-92AA-31A2ADDA1A38}.Debug|Any CPU.Build.0 = Debug|Any CPU
		{19E9F93F-7A80-4BB5-92AA-31A2ADDA1A38}.Release|Any CPU.ActiveCfg = Release|Any CPU
		{19E9F93F-7A80-4BB5-92AA-31A2ADDA1A38}.Release|Any CPU.Build.0 = Release|Any CPU
	EndGlobalSection
	GlobalSection(SolutionProperties) = preSolution
		HideSolutionNode = FALSE
	EndGlobalSection
	GlobalSection(ExtensibilityGlobals) = postSolution
		SolutionGuid = {62D03B53-5183-4E70-B70B-7F918ED044E2}
	EndGlobalSection
EndGlobal
