
Microsoft Visual Studio Solution File, Format Version 12.00
# Visual Studio Version 16
VisualStudioVersion = 16.0.29424.173
MinimumVisualStudioVersion = 10.0.40219.1
Project("{9A19103F-16F7-4668-BE54-9A1E7A4F7556}") = "01_DefineAnInterfaceIPerson", "01_DefineAnInterfaceIPerson\01_DefineAnInterfaceIPerson.csproj", "{F15E696B-1F49-41EE-AFA9-8781F10AC78E}"
EndProject
Project("{FAE04EC0-301F-11D3-BF4B-00C04F79EFBC}") = "02_MultipleImplementation", "02_MultipleImplementation\02_MultipleImplementation.csproj", "{23F97E93-DB3D-4A0F-9B7C-7547984068B9}"
EndProject
Project("{FAE04EC0-301F-11D3-BF4B-00C04F79EFBC}") = "03_Ferrari", "03_Ferrari\03_Ferrari.csproj", "{9690A28E-A387-42C8-9677-4873B186B0DE}"
EndProject
Project("{FAE04EC0-301F-11D3-BF4B-00C04F79EFBC}") = "04_Telephony", "04_Telephony\04_Telephony.csproj", "{2995DB47-A3C8-4C94-8099-F4671BA06DB5}"
EndProject
Global
	GlobalSection(SolutionConfigurationPlatforms) = preSolution
		Debug|Any CPU = Debug|Any CPU
		Release|Any CPU = Release|Any CPU
	EndGlobalSection
	GlobalSection(ProjectConfigurationPlatforms) = postSolution
		{F15E696B-1F49-41EE-AFA9-8781F10AC78E}.Debug|Any CPU.ActiveCfg = Debug|Any CPU
		{F15E696B-1F49-41EE-AFA9-8781F10AC78E}.Debug|Any CPU.Build.0 = Debug|Any CPU
		{F15E696B-1F49-41EE-AFA9-8781F10AC78E}.Release|Any CPU.ActiveCfg = Release|Any CPU
		{F15E696B-1F49-41EE-AFA9-8781F10AC78E}.Release|Any CPU.Build.0 = Release|Any CPU
		{23F97E93-DB3D-4A0F-9B7C-7547984068B9}.Debug|Any CPU.ActiveCfg = Debug|Any CPU
		{23F97E93-DB3D-4A0F-9B7C-7547984068B9}.Debug|Any CPU.Build.0 = Debug|Any CPU
		{23F97E93-DB3D-4A0F-9B7C-7547984068B9}.Release|Any CPU.ActiveCfg = Release|Any CPU
		{23F97E93-DB3D-4A0F-9B7C-7547984068B9}.Release|Any CPU.Build.0 = Release|Any CPU
		{9690A28E-A387-42C8-9677-4873B186B0DE}.Debug|Any CPU.ActiveCfg = Debug|Any CPU
		{9690A28E-A387-42C8-9677-4873B186B0DE}.Debug|Any CPU.Build.0 = Debug|Any CPU
		{9690A28E-A387-42C8-9677-4873B186B0DE}.Release|Any CPU.ActiveCfg = Release|Any CPU
		{9690A28E-A387-42C8-9677-4873B186B0DE}.Release|Any CPU.Build.0 = Release|Any CPU
		{2995DB47-A3C8-4C94-8099-F4671BA06DB5}.Debug|Any CPU.ActiveCfg = Debug|Any CPU
		{2995DB47-A3C8-4C94-8099-F4671BA06DB5}.Debug|Any CPU.Build.0 = Debug|Any CPU
		{2995DB47-A3C8-4C94-8099-F4671BA06DB5}.Release|Any CPU.ActiveCfg = Release|Any CPU
		{2995DB47-A3C8-4C94-8099-F4671BA06DB5}.Release|Any CPU.Build.0 = Release|Any CPU
	EndGlobalSection
	GlobalSection(SolutionProperties) = preSolution
		HideSolutionNode = FALSE
	EndGlobalSection
	GlobalSection(ExtensibilityGlobals) = postSolution
		SolutionGuid = {0A62CFCA-FAF8-4BEC-ABA4-075C90DC53FF}
	EndGlobalSection
EndGlobal
